{
    "_meta": {
        "hash": {
            "sha256": "800eb85ec4d55144c31869f21d522ad7206e8bf0f8f1bb40054056d9ff7c1128"
        },
        "pipfile-spec": 6,
        "requires": {
            "python_version": "3.7"
        },
        "sources": [
            {
                "name": "pypi",
                "url": "https://pypi.org/simple",
                "verify_ssl": true
            }
        ]
    },
    "default": {
        "pythonds": {
            "hashes": [
                "sha256:623fd83857ff97718b248d01c333d30d4649ebc7b4fdc795b4357d74003e890f",
                "sha256:69189b559f006699d08bcbb43f78201b0c16ec2a400516165b5be88a39594373"
            ],
            "index": "pypi",
            "version": "==1.2.1"
        }
    },
    "develop": {}
}
